{
  "originHash" : "2ac6b1bdfafb908ba82d7c5b78572aaa4d3b465955646dc0e1b1d02ecda2ea47",
  "pins" : [
    {
      "identity" : "csv.swift",
      "kind" : "remoteSourceControl",
      "location" : "https://github.com/yaslab/CSV.swift.git",
      "state" : {
        "revision" : "b4371dc833ba22ab6ead90fb63d267c3cf9ce773",
        "version" : "2.5.2"
      }
    }
  ],
  "version" : 3
}
