// !$*UTF8*$!
{
	archiveVersion = 1;
	classes = {
	};
	objectVersion = 77;
	objects = {

/* Begin PBXBuildFile section */
		74F4E3852D22103E00FFAA4C /* CSV in Frameworks */ = {isa = PBXBuildFile; productRef = 74F4E3842D22103E00FFAA4C /* CSV */; };
/* End PBXBuildFile section */

/* Begin PBXContainerItemProxy section */
		74F4E3382D220F1500FFAA4C /* PBXContainerItemProxy */ = {
			isa = PBXContainerItemProxy;
			containerPortal = 74F4E31D2D220F1300FFAA4C /* Project object */;
			proxyType = 1;
			remoteGlobalIDString = 74F4E3242D220F1300FFAA4C;
			remoteInfo = EEz;
		};
		74F4E3422D220F1500FFAA4C /* PBXContainerItemProxy */ = {
			isa = PBXContainerItemProxy;
			containerPortal = 74F4E31D2D220F1300FFAA4C /* Project object */;
			proxyType = 1;
			remoteGlobalIDString = 74F4E3242D220F1300FFAA4C;
			remoteInfo = EEz;
		};
/* End PBXContainerItemProxy section */

/* Begin PBXFileReference section */
		74F4E3252D220F1300FFAA4C /* EEz.app */ = {isa = PBXFileReference; explicitFileType = wrapper.application; includeInIndex = 0; path = EEz.app; sourceTree = BUILT_PRODUCTS_DIR; };
		74F4E3372D220F1500FFAA4C /* EEzTests.xctest */ = {isa = PBXFileReference; explicitFileType = wrapper.cfbundle; includeInIndex = 0; path = EEzTests.xctest; sourceTree = BUILT_PRODUCTS_DIR; };
		74F4E3412D220F1500FFAA4C /* EEzUITests.xctest */ = {isa = PBXFileReference; explicitFileType = wrapper.cfbundle; includeInIndex = 0; path = EEzUITests.xctest; sourceTree = BUILT_PRODUCTS_DIR; };
/* End PBXFileReference section */

/* Begin PBXFileSystemSynchronizedRootGroup section */
		74F4E3272D220F1300FFAA4C /* EEz */ = {
			isa = PBXFileSystemSynchronizedRootGroup;
			path = EEz;
			sourceTree = "<group>";
		};
		74F4E33A2D220F1500FFAA4C /* EEzTests */ = {
			isa = PBXFileSystemSynchronizedRootGroup;
			path = EEzTests;
			sourceTree = "<group>";
		};
		74F4E3442D220F1500FFAA4C /* EEzUITests */ = {
			isa = PBXFileSystemSynchronizedRootGroup;
			path = EEzUITests;
			sourceTree = "<group>";
		};
/* End PBXFileSystemSynchronizedRootGroup section */

/* Begin PBXFrameworksBuildPhase section */
		74F4E3222D220F1300FFAA4C /* Frameworks */ = {
			isa = PBXFrameworksBuildPhase;
			buildActionMask = 2147483647;
			files = (
				74F4E3852D22103E00FFAA4C /* CSV in Frameworks */,
			);
			runOnlyForDeploymentPostprocessing = 0;
		};
		74F4E3342D220F1500FFAA4C /* Frameworks */ = {
			isa = PBXFrameworksBuildPhase;
			buildActionMask = 2147483647;
			files = (
			);
			runOnlyForDeploymentPostprocessing = 0;
		};
		74F4E33E2D220F1500FFAA4C /* Frameworks */ = {
			isa = PBXFrameworksBuildPhase;
			buildActionMask = 2147483647;
			files = (
			);
			runOnlyForDeploymentPostprocessing = 0;
		};
/* End PBXFrameworksBuildPhase section */

/* Begin PBXGroup section */
		74F4E31C2D220F1300FFAA4C = {
			isa = PBXGroup;
			children = (
				74F4E3272D220F1300FFAA4C /* EEz */,
				74F4E33A2D220F1500FFAA4C /* EEzTests */,
				74F4E3442D220F1500FFAA4C /* EEzUITests */,
				74F4E3262D220F1300FFAA4C /* Products */,
			);
			sourceTree = "<group>";
		};
		74F4E3262D220F1300FFAA4C /* Products */ = {
			isa = PBXGroup;
			children = (
				74F4E3252D220F1300FFAA4C /* EEz.app */,
				74F4E3372D220F1500FFAA4C /* EEzTests.xctest */,
				74F4E3412D220F1500FFAA4C /* EEzUITests.xctest */,
			);
			name = Products;
			sourceTree = "<group>";
		};
/* End PBXGroup section */

/* Begin PBXNativeTarget section */
		74F4E3242D220F1300FFAA4C /* EEz */ = {
			isa = PBXNativeTarget;
			buildConfigurationList = 74F4E34B2D220F1500FFAA4C /* Build configuration list for PBXNativeTarget "EEz" */;
			buildPhases = (
				74F4E3212D220F1300FFAA4C /* Sources */,
				74F4E3222D220F1300FFAA4C /* Frameworks */,
				74F4E3232D220F1300FFAA4C /* Resources */,
			);
			buildRules = (
			);
			dependencies = (
			);
			fileSystemSynchronizedGroups = (
				74F4E3272D220F1300FFAA4C /* EEz */,
			);
			name = EEz;
			packageProductDependencies = (
				74F4E3842D22103E00FFAA4C /* CSV */,
			);
			productName = EEz;
			productReference = 74F4E3252D220F1300FFAA4C /* EEz.app */;
			productType = "com.apple.product-type.application";
		};
		74F4E3362D220F1500FFAA4C /* EEzTests */ = {
			isa = PBXNativeTarget;
			buildConfigurationList = 74F4E34E2D220F1500FFAA4C /* Build configuration list for PBXNativeTarget "EEzTests" */;
			buildPhases = (
				74F4E3332D220F1500FFAA4C /* Sources */,
				74F4E3342D220F1500FFAA4C /* Frameworks */,
				74F4E3352D220F1500FFAA4C /* Resources */,
			);
			buildRules = (
			);
			dependencies = (
				74F4E3392D220F1500FFAA4C /* PBXTargetDependency */,
			);
			fileSystemSynchronizedGroups = (
				74F4E33A2D220F1500FFAA4C /* EEzTests */,
			);
			name = EEzTests;
			packageProductDependencies = (
			);
			productName = EEzTests;
			productReference = 74F4E3372D220F1500FFAA4C /* EEzTests.xctest */;
			productType = "com.apple.product-type.bundle.unit-test";
		};
		74F4E3402D220F1500FFAA4C /* EEzUITests */ = {
			isa = PBXNativeTarget;
			buildConfigurationList = 74F4E3512D220F1500FFAA4C /* Build configuration list for PBXNativeTarget "EEzUITests" */;
			buildPhases = (
				74F4E33D2D220F1500FFAA4C /* Sources */,
				74F4E33E2D220F1500FFAA4C /* Frameworks */,
				74F4E33F2D220F1500FFAA4C /* Resources */,
			);
			buildRules = (
			);
			dependencies = (
				74F4E3432D220F1500FFAA4C /* PBXTargetDependency */,
			);
			fileSystemSynchronizedGroups = (
				74F4E3442D220F1500FFAA4C /* EEzUITests */,
			);
			name = EEzUITests;
			packageProductDependencies = (
			);
			productName = EEzUITests;
			productReference = 74F4E3412D220F1500FFAA4C /* EEzUITests.xctest */;
			productType = "com.apple.product-type.bundle.ui-testing";
		};
/* End PBXNativeTarget section */

/* Begin PBXProject section */
		74F4E31D2D220F1300FFAA4C /* Project object */ = {
			isa = PBXProject;
			attributes = {
				BuildIndependentTargetsInParallel = 1;
				LastSwiftUpdateCheck = 1610;
				LastUpgradeCheck = 1610;
				TargetAttributes = {
					74F4E3242D220F1300FFAA4C = {
						CreatedOnToolsVersion = 16.1;
					};
					74F4E3362D220F1500FFAA4C = {
						CreatedOnToolsVersion = 16.1;
						TestTargetID = 74F4E3242D220F1300FFAA4C;
					};
					74F4E3402D220F1500FFAA4C = {
						CreatedOnToolsVersion = 16.1;
						TestTargetID = 74F4E3242D220F1300FFAA4C;
					};
				};
			};
			buildConfigurationList = 74F4E3202D220F1300FFAA4C /* Build configuration list for PBXProject "EEz" */;
			developmentRegion = en;
			hasScannedForEncodings = 0;
			knownRegions = (
				en,
				Base,
			);
			mainGroup = 74F4E31C2D220F1300FFAA4C;
			minimizedProjectReferenceProxies = 1;
			packageReferences = (
				74F4E3832D22103E00FFAA4C /* XCRemoteSwiftPackageReference "CSV.swift" */,
			);
			preferredProjectObjectVersion = 77;
			productRefGroup = 74F4E3262D220F1300FFAA4C /* Products */;
			projectDirPath = "";
			projectRoot = "";
			targets = (
				74F4E3242D220F1300FFAA4C /* EEz */,
				74F4E3362D220F1500FFAA4C /* EEzTests */,
				74F4E3402D220F1500FFAA4C /* EEzUITests */,
			);
		};
/* End PBXProject section */

/* Begin PBXResourcesBuildPhase section */
		74F4E3232D220F1300FFAA4C /* Resources */ = {
			isa = PBXResourcesBuildPhase;
			buildActionMask = 2147483647;
			files = (
			);
			runOnlyForDeploymentPostprocessing = 0;
		};
		74F4E3352D220F1500FFAA4C /* Resources */ = {
			isa = PBXResourcesBuildPhase;
			buildActionMask = 2147483647;
			files = (
			);
			runOnlyForDeploymentPostprocessing = 0;
		};
		74F4E33F2D220F1500FFAA4C /* Resources */ = {
			isa = PBXResourcesBuildPhase;
			buildActionMask = 2147483647;
			files = (
			);
			runOnlyForDeploymentPostprocessing = 0;
		};
/* End PBXResourcesBuildPhase section */

/* Begin PBXSourcesBuildPhase section */
		74F4E3212D220F1300FFAA4C /* Sources */ = {
			isa = PBXSourcesBuildPhase;
			buildActionMask = 2147483647;
			files = (
			);
			runOnlyForDeploymentPostprocessing = 0;
		};
		74F4E3332D220F1500FFAA4C /* Sources */ = {
			isa = PBXSourcesBuildPhase;
			buildActionMask = 2147483647;
			files = (
			);
			runOnlyForDeploymentPostprocessing = 0;
		};
		74F4E33D2D220F1500FFAA4C /* Sources */ = {
			isa = PBXSourcesBuildPhase;
			buildActionMask = 2147483647;
			files = (
			);
			runOnlyForDeploymentPostprocessing = 0;
		};
/* End PBXSourcesBuildPhase section */

/* Begin PBXTargetDependency section */
		74F4E3392D220F1500FFAA4C /* PBXTargetDependency */ = {
			isa = PBXTargetDependency;
			target = 74F4E3242D220F1300FFAA4C /* EEz */;
			targetProxy = 74F4E3382D220F1500FFAA4C /* PBXContainerItemProxy */;
		};
		74F4E3432D220F1500FFAA4C /* PBXTargetDependency */ = {
			isa = PBXTargetDependency;
			target = 74F4E3242D220F1300FFAA4C /* EEz */;
			targetProxy = 74F4E3422D220F1500FFAA4C /* PBXContainerItemProxy */;
		};
/* End PBXTargetDependency section */

/* Begin XCBuildConfiguration section */
		74F4E3492D220F1500FFAA4C /* Debug */ = {
			isa = XCBuildConfiguration;
			buildSettings = {
				ALWAYS_SEARCH_USER_PATHS = NO;
				ASSETCATALOG_COMPILER_GENERATE_SWIFT_ASSET_SYMBOL_EXTENSIONS = YES;
				CLANG_ANALYZER_NONNULL = YES;
				CLANG_ANALYZER_NUMBER_OBJECT_CONVERSION = YES_AGGRESSIVE;
				CLANG_CXX_LANGUAGE_STANDARD = "gnu++20";
				CLANG_ENABLE_MODULES = YES;
				CLANG_ENABLE_OBJC_ARC = YES;
				CLANG_ENABLE_OBJC_WEAK = YES;
				CLANG_WARN_BLOCK_CAPTURE_AUTORELEASING = YES;
				CLANG_WARN_BOOL_CONVERSION = YES;
				CLANG_WARN_COMMA = YES;
				CLANG_WARN_CONSTANT_CONVERSION = YES;
				CLANG_WARN_DEPRECATED_OBJC_IMPLEMENTATIONS = YES;
				CLANG_WARN_DIRECT_OBJC_ISA_USAGE = YES_ERROR;
				CLANG_WARN_DOCUMENTATION_COMMENTS = YES;
				CLANG_WARN_EMPTY_BODY = YES;
				CLANG_WARN_ENUM_CONVERSION = YES;
				CLANG_WARN_INFINITE_RECURSION = YES;
				CLANG_WARN_INT_CONVERSION = YES;
				CLANG_WARN_NON_LITERAL_NULL_CONVERSION = YES;
				CLANG_WARN_OBJC_IMPLICIT_RETAIN_SELF = YES;
				CLANG_WARN_OBJC_LITERAL_CONVERSION = YES;
				CLANG_WARN_OBJC_ROOT_CLASS = YES_ERROR;
				CLANG_WARN_QUOTED_INCLUDE_IN_FRAMEWORK_HEADER = YES;
				CLANG_WARN_RANGE_LOOP_ANALYSIS = YES;
				CLANG_WARN_STRICT_PROTOTYPES = YES;
				CLANG_WARN_SUSPICIOUS_MOVE = YES;
				CLANG_WARN_UNGUARDED_AVAILABILITY = YES_AGGRESSIVE;
				CLANG_WARN_UNREACHABLE_CODE = YES;
				CLANG_WARN__DUPLICATE_METHOD_MATCH = YES;
				COPY_PHASE_STRIP = NO;
				DEBUG_INFORMATION_FORMAT = dwarf;
				ENABLE_STRICT_OBJC_MSGSEND = YES;
				ENABLE_TESTABILITY = YES;
				ENABLE_USER_SCRIPT_SANDBOXING = YES;
				GCC_C_LANGUAGE_STANDARD = gnu17;
				GCC_DYNAMIC_NO_PIC = NO;
				GCC_NO_COMMON_BLOCKS = YES;
				GCC_OPTIMIZATION_LEVEL = 0;
				GCC_PREPROCESSOR_DEFINITIONS = (
					"DEBUG=1",
					"$(inherited)",
				);
				GCC_WARN_64_TO_32_BIT_CONVERSION = YES;
				GCC_WARN_ABOUT_RETURN_TYPE = YES_ERROR;
				GCC_WARN_UNDECLARED_SELECTOR = YES;
				GCC_WARN_UNINITIALIZED_AUTOS = YES_AGGRESSIVE;
				GCC_WARN_UNUSED_FUNCTION = YES;
				GCC_WARN_UNUSED_VARIABLE = YES;
				IPHONEOS_DEPLOYMENT_TARGET = 18.1;
				LOCALIZATION_PREFERS_STRING_CATALOGS = YES;
				MTL_ENABLE_DEBUG_INFO = INCLUDE_SOURCE;
				MTL_FAST_MATH = YES;
				ONLY_ACTIVE_ARCH = YES;
				SDKROOT = iphoneos;
				SWIFT_ACTIVE_COMPILATION_CONDITIONS = "DEBUG $(inherited)";
				SWIFT_OPTIMIZATION_LEVEL = "-Onone";
			};
			name = Debug;
		};
		74F4E34A2D220F1500FFAA4C /* Release */ = {
			isa = XCBuildConfiguration;
			buildSettings = {
				ALWAYS_SEARCH_USER_PATHS = NO;
				ASSETCATALOG_COMPILER_GENERATE_SWIFT_ASSET_SYMBOL_EXTENSIONS = YES;
				CLANG_ANALYZER_NONNULL = YES;
				CLANG_ANALYZER_NUMBER_OBJECT_CONVERSION = YES_AGGRESSIVE;
				CLANG_CXX_LANGUAGE_STANDARD = "gnu++20";
				CLANG_ENABLE_MODULES = YES;
				CLANG_ENABLE_OBJC_ARC = YES;
				CLANG_ENABLE_OBJC_WEAK = YES;
				CLANG_WARN_BLOCK_CAPTURE_AUTORELEASING = YES;
				CLANG_WARN_BOOL_CONVERSION = YES;
				CLANG_WARN_COMMA = YES;
				CLANG_WARN_CONSTANT_CONVERSION = YES;
				CLANG_WARN_DEPRECATED_OBJC_IMPLEMENTATIONS = YES;
				CLANG_WARN_DIRECT_OBJC_ISA_USAGE = YES_ERROR;
				CLANG_WARN_DOCUMENTATION_COMMENTS = YES;
				CLANG_WARN_EMPTY_BODY = YES;
				CLANG_WARN_ENUM_CONVERSION = YES;
				CLANG_WARN_INFINITE_RECURSION = YES;
				CLANG_WARN_INT_CONVERSION = YES;
				CLANG_WARN_NON_LITERAL_NULL_CONVERSION = YES;
				CLANG_WARN_OBJC_IMPLICIT_RETAIN_SELF = YES;
				CLANG_WARN_OBJC_LITERAL_CONVERSION = YES;
				CLANG_WARN_OBJC_ROOT_CLASS = YES_ERROR;
				CLANG_WARN_QUOTED_INCLUDE_IN_FRAMEWORK_HEADER = YES;
				CLANG_WARN_RANGE_LOOP_ANALYSIS = YES;
				CLANG_WARN_STRICT_PROTOTYPES = YES;
				CLANG_WARN_SUSPICIOUS_MOVE = YES;
				CLANG_WARN_UNGUARDED_AVAILABILITY = YES_AGGRESSIVE;
				CLANG_WARN_UNREACHABLE_CODE = YES;
				CLANG_WARN__DUPLICATE_METHOD_MATCH = YES;
				COPY_PHASE_STRIP = NO;
				DEBUG_INFORMATION_FORMAT = "dwarf-with-dsym";
				ENABLE_NS_ASSERTIONS = NO;
				ENABLE_STRICT_OBJC_MSGSEND = YES;
				ENABLE_USER_SCRIPT_SANDBOXING = YES;
				GCC_C_LANGUAGE_STANDARD = gnu17;
				GCC_NO_COMMON_BLOCKS = YES;
				GCC_WARN_64_TO_32_BIT_CONVERSION = YES;
				GCC_WARN_ABOUT_RETURN_TYPE = YES_ERROR;
				GCC_WARN_UNDECLARED_SELECTOR = YES;
				GCC_WARN_UNINITIALIZED_AUTOS = YES_AGGRESSIVE;
				GCC_WARN_UNUSED_FUNCTION = YES;
				GCC_WARN_UNUSED_VARIABLE = YES;
				IPHONEOS_DEPLOYMENT_TARGET = 18.1;
				LOCALIZATION_PREFERS_STRING_CATALOGS = YES;
				MTL_ENABLE_DEBUG_INFO = NO;
				MTL_FAST_MATH = YES;
				SDKROOT = iphoneos;
				SWIFT_COMPILATION_MODE = wholemodule;
				VALIDATE_PRODUCT = YES;
			};
			name = Release;
		};
		74F4E34C2D220F1500FFAA4C /* Debug */ = {
			isa = XCBuildConfiguration;
			buildSettings = {
				ASSETCATALOG_COMPILER_APPICON_NAME = AppIcon;
				ASSETCATALOG_COMPILER_GLOBAL_ACCENT_COLOR_NAME = AccentColor;
				CODE_SIGN_STYLE = Automatic;
				CURRENT_PROJECT_VERSION = 1;
				DEVELOPMENT_ASSET_PATHS = "\"EEz/Preview Content\"";
				DEVELOPMENT_TEAM = 8FQWGFFDQM;
				ENABLE_PREVIEWS = YES;
				GENERATE_INFOPLIST_FILE = YES;
				INFOPLIST_KEY_UIApplicationSceneManifest_Generation = YES;
				INFOPLIST_KEY_UIApplicationSupportsIndirectInputEvents = YES;
				INFOPLIST_KEY_UILaunchScreen_Generation = YES;
				INFOPLIST_KEY_UISupportedInterfaceOrientations_iPad = "UIInterfaceOrientationPortrait UIInterfaceOrientationPortraitUpsideDown UIInterfaceOrientationLandscapeLeft UIInterfaceOrientationLandscapeRight";
				INFOPLIST_KEY_UISupportedInterfaceOrientations_iPhone = "UIInterfaceOrientationPortrait UIInterfaceOrientationLandscapeLeft UIInterfaceOrientationLandscapeRight";
				LD_RUNPATH_SEARCH_PATHS = (
					"$(inherited)",
					"@executable_path/Frameworks",
				);
				MARKETING_VERSION = 1.0;
				PRODUCT_BUNDLE_IDENTIFIER = name.Riboldi.EEz;
				PRODUCT_NAME = "$(TARGET_NAME)";
				SWIFT_EMIT_LOC_STRINGS = YES;
				SWIFT_VERSION = 5.0;
				TARGETED_DEVICE_FAMILY = "1,2";
			};
			name = Debug;
		};
		74F4E34D2D220F1500FFAA4C /* Release */ = {
			isa = XCBuildConfiguration;
			buildSettings = {
				ASSETCATALOG_COMPILER_APPICON_NAME = AppIcon;
				ASSETCATALOG_COMPILER_GLOBAL_ACCENT_COLOR_NAME = AccentColor;
				CODE_SIGN_STYLE = Automatic;
				CURRENT_PROJECT_VERSION = 1;
				DEVELOPMENT_ASSET_PATHS = "\"EEz/Preview Content\"";
				DEVELOPMENT_TEAM = 8FQWGFFDQM;
				ENABLE_PREVIEWS = YES;
				GENERATE_INFOPLIST_FILE = YES;
				INFOPLIST_KEY_UIApplicationSceneManifest_Generation = YES;
				INFOPLIST_KEY_UIApplicationSupportsIndirectInputEvents = YES;
				INFOPLIST_KEY_UILaunchScreen_Generation = YES;
				INFOPLIST_KEY_UISupportedInterfaceOrientations_iPad = "UIInterfaceOrientationPortrait UIInterfaceOrientationPortraitUpsideDown UIInterfaceOrientationLandscapeLeft UIInterfaceOrientationLandscapeRight";
				INFOPLIST_KEY_UISupportedInterfaceOrientations_iPhone = "UIInterfaceOrientationPortrait UIInterfaceOrientationLandscapeLeft UIInterfaceOrientationLandscapeRight";
				LD_RUNPATH_SEARCH_PATHS = (
					"$(inherited)",
					"@executable_path/Frameworks",
				);
				MARKETING_VERSION = 1.0;
				PRODUCT_BUNDLE_IDENTIFIER = name.Riboldi.EEz;
				PRODUCT_NAME = "$(TARGET_NAME)";
				SWIFT_EMIT_LOC_STRINGS = YES;
				SWIFT_VERSION = 5.0;
				TARGETED_DEVICE_FAMILY = "1,2";
			};
			name = Release;
		};
		74F4E34F2D220F1500FFAA4C /* Debug */ = {
			isa = XCBuildConfiguration;
			buildSettings = {
				BUNDLE_LOADER = "$(TEST_HOST)";
				CODE_SIGN_STYLE = Automatic;
				CURRENT_PROJECT_VERSION = 1;
				DEVELOPMENT_TEAM = 8FQWGFFDQM;
				GENERATE_INFOPLIST_FILE = YES;
				IPHONEOS_DEPLOYMENT_TARGET = 18.1;
				MARKETING_VERSION = 1.0;
				PRODUCT_BUNDLE_IDENTIFIER = name.Riboldi.EEzTests;
				PRODUCT_NAME = "$(TARGET_NAME)";
				SWIFT_EMIT_LOC_STRINGS = NO;
				SWIFT_VERSION = 5.0;
				TARGETED_DEVICE_FAMILY = "1,2";
				TEST_HOST = "$(BUILT_PRODUCTS_DIR)/EEz.app/$(BUNDLE_EXECUTABLE_FOLDER_PATH)/EEz";
			};
			name = Debug;
		};
		74F4E3502D220F1500FFAA4C /* Release */ = {
			isa = XCBuildConfiguration;
			buildSettings = {
				BUNDLE_LOADER = "$(TEST_HOST)";
				CODE_SIGN_STYLE = Automatic;
				CURRENT_PROJECT_VERSION = 1;
				DEVELOPMENT_TEAM = 8FQWGFFDQM;
				GENERATE_INFOPLIST_FILE = YES;
				IPHONEOS_DEPLOYMENT_TARGET = 18.1;
				MARKETING_VERSION = 1.0;
				PRODUCT_BUNDLE_IDENTIFIER = name.Riboldi.EEzTests;
				PRODUCT_NAME = "$(TARGET_NAME)";
				SWIFT_EMIT_LOC_STRINGS = NO;
				SWIFT_VERSION = 5.0;
				TARGETED_DEVICE_FAMILY = "1,2";
				TEST_HOST = "$(BUILT_PRODUCTS_DIR)/EEz.app/$(BUNDLE_EXECUTABLE_FOLDER_PATH)/EEz";
			};
			name = Release;
		};
		74F4E3522D220F1500FFAA4C /* Debug */ = {
			isa = XCBuildConfiguration;
			buildSettings = {
				CODE_SIGN_STYLE = Automatic;
				CURRENT_PROJECT_VERSION = 1;
				DEVELOPMENT_TEAM = 8FQWGFFDQM;
				GENERATE_INFOPLIST_FILE = YES;
				MARKETING_VERSION = 1.0;
				PRODUCT_BUNDLE_IDENTIFIER = name.Riboldi.EEzUITests;
				PRODUCT_NAME = "$(TARGET_NAME)";
				SWIFT_EMIT_LOC_STRINGS = NO;
				SWIFT_VERSION = 5.0;
				TARGETED_DEVICE_FAMILY = "1,2";
				TEST_TARGET_NAME = EEz;
			};
			name = Debug;
		};
		74F4E3532D220F1500FFAA4C /* Release */ = {
			isa = XCBuildConfiguration;
			buildSettings = {
				CODE_SIGN_STYLE = Automatic;
				CURRENT_PROJECT_VERSION = 1;
				DEVELOPMENT_TEAM = 8FQWGFFDQM;
				GENERATE_INFOPLIST_FILE = YES;
				MARKETING_VERSION = 1.0;
				PRODUCT_BUNDLE_IDENTIFIER = name.Riboldi.EEzUITests;
				PRODUCT_NAME = "$(TARGET_NAME)";
				SWIFT_EMIT_LOC_STRINGS = NO;
				SWIFT_VERSION = 5.0;
				TARGETED_DEVICE_FAMILY = "1,2";
				TEST_TARGET_NAME = EEz;
			};
			name = Release;
		};
/* End XCBuildConfiguration section */

/* Begin XCConfigurationList section */
		74F4E3202D220F1300FFAA4C /* Build configuration list for PBXProject "EEz" */ = {
			isa = XCConfigurationList;
			buildConfigurations = (
				74F4E3492D220F1500FFAA4C /* Debug */,
				74F4E34A2D220F1500FFAA4C /* Release */,
			);
			defaultConfigurationIsVisible = 0;
			defaultConfigurationName = Release;
		};
		74F4E34B2D220F1500FFAA4C /* Build configuration list for PBXNativeTarget "EEz" */ = {
			isa = XCConfigurationList;
			buildConfigurations = (
				74F4E34C2D220F1500FFAA4C /* Debug */,
				74F4E34D2D220F1500FFAA4C /* Release */,
			);
			defaultConfigurationIsVisible = 0;
			defaultConfigurationName = Release;
		};
		74F4E34E2D220F1500FFAA4C /* Build configuration list for PBXNativeTarget "EEzTests" */ = {
			isa = XCConfigurationList;
			buildConfigurations = (
				74F4E34F2D220F1500FFAA4C /* Debug */,
				74F4E3502D220F1500FFAA4C /* Release */,
			);
			defaultConfigurationIsVisible = 0;
			defaultConfigurationName = Release;
		};
		74F4E3512D220F1500FFAA4C /* Build configuration list for PBXNativeTarget "EEzUITests" */ = {
			isa = XCConfigurationList;
			buildConfigurations = (
				74F4E3522D220F1500FFAA4C /* Debug */,
				74F4E3532D220F1500FFAA4C /* Release */,
			);
			defaultConfigurationIsVisible = 0;
			defaultConfigurationName = Release;
		};
/* End XCConfigurationList section */

/* Begin XCRemoteSwiftPackageReference section */
		74F4E3832D22103E00FFAA4C /* XCRemoteSwiftPackageReference "CSV.swift" */ = {
			isa = XCRemoteSwiftPackageReference;
			repositoryURL = "https://github.com/yaslab/CSV.swift.git";
			requirement = {
				kind = upToNextMajorVersion;
				minimumVersion = 2.5.2;
			};
		};
/* End XCRemoteSwiftPackageReference section */

/* Begin XCSwiftPackageProductDependency section */
		74F4E3842D22103E00FFAA4C /* CSV */ = {
			isa = XCSwiftPackageProductDependency;
			package = 74F4E3832D22103E00FFAA4C /* XCRemoteSwiftPackageReference "CSV.swift" */;
			productName = CSV;
		};
/* End XCSwiftPackageProductDependency section */
	};
	rootObject = 74F4E31D2D220F1300FFAA4C /* Project object */;
}
